github.com/codemodify/systemkit-terminal-progress v1.0.1 h1:Y9wp9fj0N7GSh8aIVYqWtbAZ7wF55pBjmbwVrAO4JyM=
github.com/codemodify/systemkit-terminal-progress v1.0.1/go.mod h1:Ii63IomGFsK/VhWfceFvCzvRyqhgXssdDD15cgdnS4M=
github.com/codemodify/systemkit-terminal-progress v1.0.2 h1:x713Bf+mDawEkrfN2zKjpw8PZf0TvUZiztJRqmHoNL8=
github.com/codemodify/systemkit-terminal-progress v1.0.2/go.mod h1:Ii63IomGFsK/VhWfceFvCzvRyqhgXssdDD15cgdnS4M=
